
Microsoft Visual Studio Solution File, Format Version 12.00
# Visual Studio 15
VisualStudioVersion = 15.0.26228.9
MinimumVisualStudioVersion = 10.0.40219.1
Project("{9A19103F-16F7-4668-BE54-9A1E7A4F7556}") = "OAuthSite", "OAuthSite\OAuthSite.csproj", "{705C99C6-7BB3-4726-BE71-46F67B1A9276}"
EndProject
Project("{FAE04EC0-301F-11D3-BF4B-00C04F79EFBC}") = "CautiousGiggle.App", "CautiousGiggle.App\CautiousGiggle.App.csproj", "{5BDD0A99-79DB-41C4-B77B-20178D440F68}"
EndProject
Project("{FAE04EC0-301F-11D3-BF4B-00C04F79EFBC}") = "CautiousGiggle.Data", "CautiousGiggle.Data\CautiousGiggle.Data.csproj", "{38F94D90-D41E-47E6-B694-A9DF71017E14}"
EndProject
Project("{FAE04EC0-301F-11D3-BF4B-00C04F79EFBC}") = "CautiousGiggle.Data.Tests", "CautiousGiggle.Data.Tests\CautiousGiggle.Data.Tests.csproj", "{D6EA5CD5-4FA2-4D53-A388-7FB9CACAAAA4}"
EndProject
Project("{FAE04EC0-301F-11D3-BF4B-00C04F79EFBC}") = "CautiousGiggle.Storage", "CautiousGiggle.Storage\CautiousGiggle.Storage.csproj", "{32DB4B9E-DDF0-4D48-9BA5-A182CFBC8C61}"
EndProject
Project("{FAE04EC0-301F-11D3-BF4B-00C04F79EFBC}") = "CautiousGiggle.Storage.Tests", "CautiousGiggle.Storage.Tests\CautiousGiggle.Storage.Tests.csproj", "{060F5D30-D5CA-4AE2-BBF9-B7FE4AD0FE5C}"
EndProject
Project("{FAE04EC0-301F-11D3-BF4B-00C04F79EFBC}") = "CautiousGiggle.Oauth", "CautiousGiggle.Oauth\CautiousGiggle.Oauth.csproj", "{95183299-413F-4DBB-A7C6-A33FC620AD05}"
EndProject
Project("{FAE04EC0-301F-11D3-BF4B-00C04F79EFBC}") = "CautiousGiggle.Core", "CautiousGiggle.Core\CautiousGiggle.Core.csproj", "{7918CEC7-7FCF-4DE9-96AB-BA4BA7548D73}"
EndProject
Project("{FAE04EC0-301F-11D3-BF4B-00C04F79EFBC}") = "CautiousGiggle.OAuth.Tests", "CautiousGiggle.OAuth.Tests\CautiousGiggle.OAuth.Tests.csproj", "{D490DE67-ADA4-45BD-A454-A21630CE1146}"
EndProject
Project("{2150E333-8FDC-42A3-9474-1A3956D46DE8}") = "Core", "Core", "{81E49D9D-4F8E-4051-A977-392C658F9F4C}"
EndProject
Project("{2150E333-8FDC-42A3-9474-1A3956D46DE8}") = "Data", "Data", "{C82865E9-2383-48B0-B879-3D984397BB07}"
EndProject
Project("{2150E333-8FDC-42A3-9474-1A3956D46DE8}") = "Storage", "Storage", "{B9869C0D-50EC-4490-A4FA-2D1290A0274B}"
EndProject
Project("{2150E333-8FDC-42A3-9474-1A3956D46DE8}") = "OAuth", "OAuth", "{BE13D8CB-4F88-4F4D-9D52-65EF4BE4E851}"
EndProject
Project("{FAE04EC0-301F-11D3-BF4B-00C04F79EFBC}") = "CautiousGiggle.App.Tests", "CautiousGiggle.App.Tests\CautiousGiggle.App.Tests.csproj", "{3F61E1BD-A82A-47F6-90AE-CCF86998BCE7}"
EndProject
Global
	GlobalSection(SolutionConfigurationPlatforms) = preSolution
		Debug|Any CPU = Debug|Any CPU
		Debug|ARM = Debug|ARM
		Debug|x64 = Debug|x64
		Debug|x86 = Debug|x86
		Release|Any CPU = Release|Any CPU
		Release|ARM = Release|ARM
		Release|x64 = Release|x64
		Release|x86 = Release|x86
	EndGlobalSection
	GlobalSection(ProjectConfigurationPlatforms) = postSolution
		{705C99C6-7BB3-4726-BE71-46F67B1A9276}.Debug|Any CPU.ActiveCfg = Debug|Any CPU
		{705C99C6-7BB3-4726-BE71-46F67B1A9276}.Debug|Any CPU.Build.0 = Debug|Any CPU
		{705C99C6-7BB3-4726-BE71-46F67B1A9276}.Debug|ARM.ActiveCfg = Debug|Any CPU
		{705C99C6-7BB3-4726-BE71-46F67B1A9276}.Debug|ARM.Build.0 = Debug|Any CPU
		{705C99C6-7BB3-4726-BE71-46F67B1A9276}.Debug|x64.ActiveCfg = Debug|Any CPU
		{705C99C6-7BB3-4726-BE71-46F67B1A9276}.Debug|x64.Build.0 = Debug|Any CPU
		{705C99C6-7BB3-4726-BE71-46F67B1A9276}.Debug|x86.ActiveCfg = Debug|Any CPU
		{705C99C6-7BB3-4726-BE71-46F67B1A9276}.Debug|x86.Build.0 = Debug|Any CPU
		{705C99C6-7BB3-4726-BE71-46F67B1A9276}.Release|Any CPU.ActiveCfg = Release|Any CPU
		{705C99C6-7BB3-4726-BE71-46F67B1A9276}.Release|Any CPU.Build.0 = Release|Any CPU
		{705C99C6-7BB3-4726-BE71-46F67B1A9276}.Release|ARM.ActiveCfg = Release|Any CPU
		{705C99C6-7BB3-4726-BE71-46F67B1A9276}.Release|ARM.Build.0 = Release|Any CPU
		{705C99C6-7BB3-4726-BE71-46F67B1A9276}.Release|x64.ActiveCfg = Release|Any CPU
		{705C99C6-7BB3-4726-BE71-46F67B1A9276}.Release|x64.Build.0 = Release|Any CPU
		{705C99C6-7BB3-4726-BE71-46F67B1A9276}.Release|x86.ActiveCfg = Release|Any CPU
		{705C99C6-7BB3-4726-BE71-46F67B1A9276}.Release|x86.Build.0 = Release|Any CPU
		{5BDD0A99-79DB-41C4-B77B-20178D440F68}.Debug|Any CPU.ActiveCfg = Debug|x86
		{5BDD0A99-79DB-41C4-B77B-20178D440F68}.Debug|ARM.ActiveCfg = Debug|ARM
		{5BDD0A99-79DB-41C4-B77B-20178D440F68}.Debug|ARM.Build.0 = Debug|ARM
		{5BDD0A99-79DB-41C4-B77B-20178D440F68}.Debug|ARM.Deploy.0 = Debug|ARM
		{5BDD0A99-79DB-41C4-B77B-20178D440F68}.Debug|x64.ActiveCfg = Debug|x64
		{5BDD0A99-79DB-41C4-B77B-20178D440F68}.Debug|x64.Build.0 = Debug|x64
		{5BDD0A99-79DB-41C4-B77B-20178D440F68}.Debug|x64.Deploy.0 = Debug|x64
		{5BDD0A99-79DB-41C4-B77B-20178D440F68}.Debug|x86.ActiveCfg = Debug|x86
		{5BDD0A99-79DB-41C4-B77B-20178D440F68}.Debug|x86.Build.0 = Debug|x86
		{5BDD0A99-79DB-41C4-B77B-20178D440F68}.Debug|x86.Deploy.0 = Debug|x86
		{5BDD0A99-79DB-41C4-B77B-20178D440F68}.Release|Any CPU.ActiveCfg = Release|x86
		{5BDD0A99-79DB-41C4-B77B-20178D440F68}.Release|ARM.ActiveCfg = Release|ARM
		{5BDD0A99-79DB-41C4-B77B-20178D440F68}.Release|ARM.Build.0 = Release|ARM
		{5BDD0A99-79DB-41C4-B77B-20178D440F68}.Release|ARM.Deploy.0 = Release|ARM
		{5BDD0A99-79DB-41C4-B77B-20178D440F68}.Release|x64.ActiveCfg = Release|x64
		{5BDD0A99-79DB-41C4-B77B-20178D440F68}.Release|x64.Build.0 = Release|x64
		{5BDD0A99-79DB-41C4-B77B-20178D440F68}.Release|x64.Deploy.0 = Release|x64
		{5BDD0A99-79DB-41C4-B77B-20178D440F68}.Release|x86.ActiveCfg = Release|x86
		{5BDD0A99-79DB-41C4-B77B-20178D440F68}.Release|x86.Build.0 = Release|x86
		{5BDD0A99-79DB-41C4-B77B-20178D440F68}.Release|x86.Deploy.0 = Release|x86
		{38F94D90-D41E-47E6-B694-A9DF71017E14}.Debug|Any CPU.ActiveCfg = Debug|Any CPU
		{38F94D90-D41E-47E6-B694-A9DF71017E14}.Debug|Any CPU.Build.0 = Debug|Any CPU
		{38F94D90-D41E-47E6-B694-A9DF71017E14}.Debug|ARM.ActiveCfg = Debug|ARM
		{38F94D90-D41E-47E6-B694-A9DF71017E14}.Debug|ARM.Build.0 = Debug|ARM
		{38F94D90-D41E-47E6-B694-A9DF71017E14}.Debug|x64.ActiveCfg = Debug|x64
		{38F94D90-D41E-47E6-B694-A9DF71017E14}.Debug|x64.Build.0 = Debug|x64
		{38F94D90-D41E-47E6-B694-A9DF71017E14}.Debug|x86.ActiveCfg = Debug|x86
		{38F94D90-D41E-47E6-B694-A9DF71017E14}.Debug|x86.Build.0 = Debug|x86
		{38F94D90-D41E-47E6-B694-A9DF71017E14}.Release|Any CPU.ActiveCfg = Release|Any CPU
		{38F94D90-D41E-47E6-B694-A9DF71017E14}.Release|Any CPU.Build.0 = Release|Any CPU
		{38F94D90-D41E-47E6-B694-A9DF71017E14}.Release|ARM.ActiveCfg = Release|ARM
		{38F94D90-D41E-47E6-B694-A9DF71017E14}.Release|ARM.Build.0 = Release|ARM
		{38F94D90-D41E-47E6-B694-A9DF71017E14}.Release|x64.ActiveCfg = Release|x64
		{38F94D90-D41E-47E6-B694-A9DF71017E14}.Release|x64.Build.0 = Release|x64
		{38F94D90-D41E-47E6-B694-A9DF71017E14}.Release|x86.ActiveCfg = Release|x86
		{38F94D90-D41E-47E6-B694-A9DF71017E14}.Release|x86.Build.0 = Release|x86
		{D6EA5CD5-4FA2-4D53-A388-7FB9CACAAAA4}.Debug|Any CPU.ActiveCfg = Debug|x86
		{D6EA5CD5-4FA2-4D53-A388-7FB9CACAAAA4}.Debug|ARM.ActiveCfg = Debug|ARM
		{D6EA5CD5-4FA2-4D53-A388-7FB9CACAAAA4}.Debug|ARM.Build.0 = Debug|ARM
		{D6EA5CD5-4FA2-4D53-A388-7FB9CACAAAA4}.Debug|ARM.Deploy.0 = Debug|ARM
		{D6EA5CD5-4FA2-4D53-A388-7FB9CACAAAA4}.Debug|x64.ActiveCfg = Debug|x64
		{D6EA5CD5-4FA2-4D53-A388-7FB9CACAAAA4}.Debug|x64.Build.0 = Debug|x64
		{D6EA5CD5-4FA2-4D53-A388-7FB9CACAAAA4}.Debug|x64.Deploy.0 = Debug|x64
		{D6EA5CD5-4FA2-4D53-A388-7FB9CACAAAA4}.Debug|x86.ActiveCfg = Debug|x86
		{D6EA5CD5-4FA2-4D53-A388-7FB9CACAAAA4}.Debug|x86.Build.0 = Debug|x86
		{D6EA5CD5-4FA2-4D53-A388-7FB9CACAAAA4}.Debug|x86.Deploy.0 = Debug|x86
		{D6EA5CD5-4FA2-4D53-A388-7FB9CACAAAA4}.Release|Any CPU.ActiveCfg = Release|x86
		{D6EA5CD5-4FA2-4D53-A388-7FB9CACAAAA4}.Release|ARM.ActiveCfg = Release|ARM
		{D6EA5CD5-4FA2-4D53-A388-7FB9CACAAAA4}.Release|ARM.Build.0 = Release|ARM
		{D6EA5CD5-4FA2-4D53-A388-7FB9CACAAAA4}.Release|ARM.Deploy.0 = Release|ARM
		{D6EA5CD5-4FA2-4D53-A388-7FB9CACAAAA4}.Release|x64.ActiveCfg = Release|x64
		{D6EA5CD5-4FA2-4D53-A388-7FB9CACAAAA4}.Release|x64.Build.0 = Release|x64
		{D6EA5CD5-4FA2-4D53-A388-7FB9CACAAAA4}.Release|x64.Deploy.0 = Release|x64
		{D6EA5CD5-4FA2-4D53-A388-7FB9CACAAAA4}.Release|x86.ActiveCfg = Release|x86
		{D6EA5CD5-4FA2-4D53-A388-7FB9CACAAAA4}.Release|x86.Build.0 = Release|x86
		{D6EA5CD5-4FA2-4D53-A388-7FB9CACAAAA4}.Release|x86.Deploy.0 = Release|x86
		{32DB4B9E-DDF0-4D48-9BA5-A182CFBC8C61}.Debug|Any CPU.ActiveCfg = Debug|Any CPU
		{32DB4B9E-DDF0-4D48-9BA5-A182CFBC8C61}.Debug|Any CPU.Build.0 = Debug|Any CPU
		{32DB4B9E-DDF0-4D48-9BA5-A182CFBC8C61}.Debug|ARM.ActiveCfg = Debug|ARM
		{32DB4B9E-DDF0-4D48-9BA5-A182CFBC8C61}.Debug|ARM.Build.0 = Debug|ARM
		{32DB4B9E-DDF0-4D48-9BA5-A182CFBC8C61}.Debug|x64.ActiveCfg = Debug|x64
		{32DB4B9E-DDF0-4D48-9BA5-A182CFBC8C61}.Debug|x64.Build.0 = Debug|x64
		{32DB4B9E-DDF0-4D48-9BA5-A182CFBC8C61}.Debug|x86.ActiveCfg = Debug|x86
		{32DB4B9E-DDF0-4D48-9BA5-A182CFBC8C61}.Debug|x86.Build.0 = Debug|x86
		{32DB4B9E-DDF0-4D48-9BA5-A182CFBC8C61}.Release|Any CPU.ActiveCfg = Release|Any CPU
		{32DB4B9E-DDF0-4D48-9BA5-A182CFBC8C61}.Release|Any CPU.Build.0 = Release|Any CPU
		{32DB4B9E-DDF0-4D48-9BA5-A182CFBC8C61}.Release|ARM.ActiveCfg = Release|ARM
		{32DB4B9E-DDF0-4D48-9BA5-A182CFBC8C61}.Release|ARM.Build.0 = Release|ARM
		{32DB4B9E-DDF0-4D48-9BA5-A182CFBC8C61}.Release|x64.ActiveCfg = Release|x64
		{32DB4B9E-DDF0-4D48-9BA5-A182CFBC8C61}.Release|x64.Build.0 = Release|x64
		{32DB4B9E-DDF0-4D48-9BA5-A182CFBC8C61}.Release|x86.ActiveCfg = Release|x86
		{32DB4B9E-DDF0-4D48-9BA5-A182CFBC8C61}.Release|x86.Build.0 = Release|x86
		{060F5D30-D5CA-4AE2-BBF9-B7FE4AD0FE5C}.Debug|Any CPU.ActiveCfg = Debug|x86
		{060F5D30-D5CA-4AE2-BBF9-B7FE4AD0FE5C}.Debug|ARM.ActiveCfg = Debug|ARM
		{060F5D30-D5CA-4AE2-BBF9-B7FE4AD0FE5C}.Debug|ARM.Build.0 = Debug|ARM
		{060F5D30-D5CA-4AE2-BBF9-B7FE4AD0FE5C}.Debug|ARM.Deploy.0 = Debug|ARM
		{060F5D30-D5CA-4AE2-BBF9-B7FE4AD0FE5C}.Debug|x64.ActiveCfg = Debug|x64
		{060F5D30-D5CA-4AE2-BBF9-B7FE4AD0FE5C}.Debug|x64.Build.0 = Debug|x64
		{060F5D30-D5CA-4AE2-BBF9-B7FE4AD0FE5C}.Debug|x64.Deploy.0 = Debug|x64
		{060F5D30-D5CA-4AE2-BBF9-B7FE4AD0FE5C}.Debug|x86.ActiveCfg = Debug|x86
		{060F5D30-D5CA-4AE2-BBF9-B7FE4AD0FE5C}.Debug|x86.Build.0 = Debug|x86
		{060F5D30-D5CA-4AE2-BBF9-B7FE4AD0FE5C}.Debug|x86.Deploy.0 = Debug|x86
		{060F5D30-D5CA-4AE2-BBF9-B7FE4AD0FE5C}.Release|Any CPU.ActiveCfg = Release|x86
		{060F5D30-D5CA-4AE2-BBF9-B7FE4AD0FE5C}.Release|ARM.ActiveCfg = Release|ARM
		{060F5D30-D5CA-4AE2-BBF9-B7FE4AD0FE5C}.Release|ARM.Build.0 = Release|ARM
		{060F5D30-D5CA-4AE2-BBF9-B7FE4AD0FE5C}.Release|ARM.Deploy.0 = Release|ARM
		{060F5D30-D5CA-4AE2-BBF9-B7FE4AD0FE5C}.Release|x64.ActiveCfg = Release|x64
		{060F5D30-D5CA-4AE2-BBF9-B7FE4AD0FE5C}.Release|x64.Build.0 = Release|x64
		{060F5D30-D5CA-4AE2-BBF9-B7FE4AD0FE5C}.Release|x64.Deploy.0 = Release|x64
		{060F5D30-D5CA-4AE2-BBF9-B7FE4AD0FE5C}.Release|x86.ActiveCfg = Release|x86
		{060F5D30-D5CA-4AE2-BBF9-B7FE4AD0FE5C}.Release|x86.Build.0 = Release|x86
		{060F5D30-D5CA-4AE2-BBF9-B7FE4AD0FE5C}.Release|x86.Deploy.0 = Release|x86
		{95183299-413F-4DBB-A7C6-A33FC620AD05}.Debug|Any CPU.ActiveCfg = Debug|Any CPU
		{95183299-413F-4DBB-A7C6-A33FC620AD05}.Debug|Any CPU.Build.0 = Debug|Any CPU
		{95183299-413F-4DBB-A7C6-A33FC620AD05}.Debug|ARM.ActiveCfg = Debug|ARM
		{95183299-413F-4DBB-A7C6-A33FC620AD05}.Debug|ARM.Build.0 = Debug|ARM
		{95183299-413F-4DBB-A7C6-A33FC620AD05}.Debug|x64.ActiveCfg = Debug|x64
		{95183299-413F-4DBB-A7C6-A33FC620AD05}.Debug|x64.Build.0 = Debug|x64
		{95183299-413F-4DBB-A7C6-A33FC620AD05}.Debug|x86.ActiveCfg = Debug|x86
		{95183299-413F-4DBB-A7C6-A33FC620AD05}.Debug|x86.Build.0 = Debug|x86
		{95183299-413F-4DBB-A7C6-A33FC620AD05}.Release|Any CPU.ActiveCfg = Release|Any CPU
		{95183299-413F-4DBB-A7C6-A33FC620AD05}.Release|Any CPU.Build.0 = Release|Any CPU
		{95183299-413F-4DBB-A7C6-A33FC620AD05}.Release|ARM.ActiveCfg = Release|ARM
		{95183299-413F-4DBB-A7C6-A33FC620AD05}.Release|ARM.Build.0 = Release|ARM
		{95183299-413F-4DBB-A7C6-A33FC620AD05}.Release|x64.ActiveCfg = Release|x64
		{95183299-413F-4DBB-A7C6-A33FC620AD05}.Release|x64.Build.0 = Release|x64
		{95183299-413F-4DBB-A7C6-A33FC620AD05}.Release|x86.ActiveCfg = Release|x86
		{95183299-413F-4DBB-A7C6-A33FC620AD05}.Release|x86.Build.0 = Release|x86
		{7918CEC7-7FCF-4DE9-96AB-BA4BA7548D73}.Debug|Any CPU.ActiveCfg = Debug|Any CPU
		{7918CEC7-7FCF-4DE9-96AB-BA4BA7548D73}.Debug|Any CPU.Build.0 = Debug|Any CPU
		{7918CEC7-7FCF-4DE9-96AB-BA4BA7548D73}.Debug|ARM.ActiveCfg = Debug|ARM
		{7918CEC7-7FCF-4DE9-96AB-BA4BA7548D73}.Debug|ARM.Build.0 = Debug|ARM
		{7918CEC7-7FCF-4DE9-96AB-BA4BA7548D73}.Debug|x64.ActiveCfg = Debug|x64
		{7918CEC7-7FCF-4DE9-96AB-BA4BA7548D73}.Debug|x64.Build.0 = Debug|x64
		{7918CEC7-7FCF-4DE9-96AB-BA4BA7548D73}.Debug|x86.ActiveCfg = Debug|x86
		{7918CEC7-7FCF-4DE9-96AB-BA4BA7548D73}.Debug|x86.Build.0 = Debug|x86
		{7918CEC7-7FCF-4DE9-96AB-BA4BA7548D73}.Release|Any CPU.ActiveCfg = Release|Any CPU
		{7918CEC7-7FCF-4DE9-96AB-BA4BA7548D73}.Release|Any CPU.Build.0 = Release|Any CPU
		{7918CEC7-7FCF-4DE9-96AB-BA4BA7548D73}.Release|ARM.ActiveCfg = Release|ARM
		{7918CEC7-7FCF-4DE9-96AB-BA4BA7548D73}.Release|ARM.Build.0 = Release|ARM
		{7918CEC7-7FCF-4DE9-96AB-BA4BA7548D73}.Release|x64.ActiveCfg = Release|x64
		{7918CEC7-7FCF-4DE9-96AB-BA4BA7548D73}.Release|x64.Build.0 = Release|x64
		{7918CEC7-7FCF-4DE9-96AB-BA4BA7548D73}.Release|x86.ActiveCfg = Release|x86
		{7918CEC7-7FCF-4DE9-96AB-BA4BA7548D73}.Release|x86.Build.0 = Release|x86
		{D490DE67-ADA4-45BD-A454-A21630CE1146}.Debug|Any CPU.ActiveCfg = Debug|x86
		{D490DE67-ADA4-45BD-A454-A21630CE1146}.Debug|ARM.ActiveCfg = Debug|ARM
		{D490DE67-ADA4-45BD-A454-A21630CE1146}.Debug|ARM.Build.0 = Debug|ARM
		{D490DE67-ADA4-45BD-A454-A21630CE1146}.Debug|ARM.Deploy.0 = Debug|ARM
		{D490DE67-ADA4-45BD-A454-A21630CE1146}.Debug|x64.ActiveCfg = Debug|x64
		{D490DE67-ADA4-45BD-A454-A21630CE1146}.Debug|x64.Build.0 = Debug|x64
		{D490DE67-ADA4-45BD-A454-A21630CE1146}.Debug|x64.Deploy.0 = Debug|x64
		{D490DE67-ADA4-45BD-A454-A21630CE1146}.Debug|x86.ActiveCfg = Debug|x86
		{D490DE67-ADA4-45BD-A454-A21630CE1146}.Debug|x86.Build.0 = Debug|x86
		{D490DE67-ADA4-45BD-A454-A21630CE1146}.Debug|x86.Deploy.0 = Debug|x86
		{D490DE67-ADA4-45BD-A454-A21630CE1146}.Release|Any CPU.ActiveCfg = Release|x86
		{D490DE67-ADA4-45BD-A454-A21630CE1146}.Release|ARM.ActiveCfg = Release|ARM
		{D490DE67-ADA4-45BD-A454-A21630CE1146}.Release|ARM.Build.0 = Release|ARM
		{D490DE67-ADA4-45BD-A454-A21630CE1146}.Release|ARM.Deploy.0 = Release|ARM
		{D490DE67-ADA4-45BD-A454-A21630CE1146}.Release|x64.ActiveCfg = Release|x64
		{D490DE67-ADA4-45BD-A454-A21630CE1146}.Release|x64.Build.0 = Release|x64
		{D490DE67-ADA4-45BD-A454-A21630CE1146}.Release|x64.Deploy.0 = Release|x64
		{D490DE67-ADA4-45BD-A454-A21630CE1146}.Release|x86.ActiveCfg = Release|x86
		{D490DE67-ADA4-45BD-A454-A21630CE1146}.Release|x86.Build.0 = Release|x86
		{D490DE67-ADA4-45BD-A454-A21630CE1146}.Release|x86.Deploy.0 = Release|x86
		{3F61E1BD-A82A-47F6-90AE-CCF86998BCE7}.Debug|Any CPU.ActiveCfg = Debug|x86
		{3F61E1BD-A82A-47F6-90AE-CCF86998BCE7}.Debug|ARM.ActiveCfg = Debug|ARM
		{3F61E1BD-A82A-47F6-90AE-CCF86998BCE7}.Debug|ARM.Build.0 = Debug|ARM
		{3F61E1BD-A82A-47F6-90AE-CCF86998BCE7}.Debug|ARM.Deploy.0 = Debug|ARM
		{3F61E1BD-A82A-47F6-90AE-CCF86998BCE7}.Debug|x64.ActiveCfg = Debug|x64
		{3F61E1BD-A82A-47F6-90AE-CCF86998BCE7}.Debug|x64.Build.0 = Debug|x64
		{3F61E1BD-A82A-47F6-90AE-CCF86998BCE7}.Debug|x64.Deploy.0 = Debug|x64
		{3F61E1BD-A82A-47F6-90AE-CCF86998BCE7}.Debug|x86.ActiveCfg = Debug|x86
		{3F61E1BD-A82A-47F6-90AE-CCF86998BCE7}.Debug|x86.Build.0 = Debug|x86
		{3F61E1BD-A82A-47F6-90AE-CCF86998BCE7}.Debug|x86.Deploy.0 = Debug|x86
		{3F61E1BD-A82A-47F6-90AE-CCF86998BCE7}.Release|Any CPU.ActiveCfg = Release|x86
		{3F61E1BD-A82A-47F6-90AE-CCF86998BCE7}.Release|ARM.ActiveCfg = Release|ARM
		{3F61E1BD-A82A-47F6-90AE-CCF86998BCE7}.Release|ARM.Build.0 = Release|ARM
		{3F61E1BD-A82A-47F6-90AE-CCF86998BCE7}.Release|ARM.Deploy.0 = Release|ARM
		{3F61E1BD-A82A-47F6-90AE-CCF86998BCE7}.Release|x64.ActiveCfg = Release|x64
		{3F61E1BD-A82A-47F6-90AE-CCF86998BCE7}.Release|x64.Build.0 = Release|x64
		{3F61E1BD-A82A-47F6-90AE-CCF86998BCE7}.Release|x64.Deploy.0 = Release|x64
		{3F61E1BD-A82A-47F6-90AE-CCF86998BCE7}.Release|x86.ActiveCfg = Release|x86
		{3F61E1BD-A82A-47F6-90AE-CCF86998BCE7}.Release|x86.Build.0 = Release|x86
		{3F61E1BD-A82A-47F6-90AE-CCF86998BCE7}.Release|x86.Deploy.0 = Release|x86
	EndGlobalSection
	GlobalSection(SolutionProperties) = preSolution
		HideSolutionNode = FALSE
	EndGlobalSection
	GlobalSection(NestedProjects) = preSolution
		{705C99C6-7BB3-4726-BE71-46F67B1A9276} = {BE13D8CB-4F88-4F4D-9D52-65EF4BE4E851}
		{38F94D90-D41E-47E6-B694-A9DF71017E14} = {C82865E9-2383-48B0-B879-3D984397BB07}
		{D6EA5CD5-4FA2-4D53-A388-7FB9CACAAAA4} = {C82865E9-2383-48B0-B879-3D984397BB07}
		{32DB4B9E-DDF0-4D48-9BA5-A182CFBC8C61} = {B9869C0D-50EC-4490-A4FA-2D1290A0274B}
		{060F5D30-D5CA-4AE2-BBF9-B7FE4AD0FE5C} = {B9869C0D-50EC-4490-A4FA-2D1290A0274B}
		{95183299-413F-4DBB-A7C6-A33FC620AD05} = {BE13D8CB-4F88-4F4D-9D52-65EF4BE4E851}
		{7918CEC7-7FCF-4DE9-96AB-BA4BA7548D73} = {81E49D9D-4F8E-4051-A977-392C658F9F4C}
		{D490DE67-ADA4-45BD-A454-A21630CE1146} = {BE13D8CB-4F88-4F4D-9D52-65EF4BE4E851}
	EndGlobalSection
EndGlobal
